// !$*UTF8*$!
{
	archiveVersion = 1;
	classes = {
	};
	objectVersion = 46;
	objects = {

/* Begin PBXBuildFile section */
		4CD2A6AD175D29EF00079BA8 /* UIKit.framework in Frameworks */ = {isa = PBXBuildFile; fileRef = 4CD2A6AC175D29EF00079BA8 /* UIKit.framework */; };
		4CD2A6AF175D29EF00079BA8 /* Foundation.framework in Frameworks */ = {isa = PBXBuildFile; fileRef = 4CD2A6AE175D29EF00079BA8 /* Foundation.framework */; };
		4CD2A6B1175D29EF00079BA8 /* CoreGraphics.framework in Frameworks */ = {isa = PBXBuildFile; fileRef = 4CD2A6B0175D29EF00079BA8 /* CoreGraphics.framework */; };
		4CD2A6B3175D29EF00079BA8 /* CoreData.framework in Frameworks */ = {isa = PBXBuildFile; fileRef = 4CD2A6B2175D29EF00079BA8 /* CoreData.framework */; };
		4CD2A6B6175D29EF00079BA8 /* Podfile in Resources */ = {isa = PBXBuildFile; fileRef = 4CD2A6B5175D29EF00079BA8 /* Podfile */; };
		4CD2A6BC175D29EF00079BA8 /* ShopListAPIClient.m in Sources */ = {isa = PBXBuildFile; fileRef = 4CD2A6BB175D29EF00079BA8 /* ShopListAPIClient.m */; };
		4CD2A6C0175D29EF00079BA8 /* InfoPlist.strings in Resources */ = {isa = PBXBuildFile; fileRef = 4CD2A6BE175D29EF00079BA8 /* InfoPlist.strings */; };
		4CD2A6C2175D29EF00079BA8 /* main.m in Sources */ = {isa = PBXBuildFile; fileRef = 4CD2A6C1175D29EF00079BA8 /* main.m */; };
		4CD2A6C5175D29EF00079BA8 /* AppDelegate.m in Sources */ = {isa = PBXBuildFile; fileRef = 4CD2A6C4175D29EF00079BA8 /* AppDelegate.m */; };
		4CD2A6C7175D29EF00079BA8 /* Default.png in Resources */ = {isa = PBXBuildFile; fileRef = 4CD2A6C6175D29EF00079BA8 /* Default.png */; };
		4CD2A6C9175D29EF00079BA8 /* Default@2x.png in Resources */ = {isa = PBXBuildFile; fileRef = 4CD2A6C8175D29EF00079BA8 /* Default@2x.png */; };
		4CD2A6CB175D29EF00079BA8 /* Default-568h@2x.png in Resources */ = {isa = PBXBuildFile; fileRef = 4CD2A6CA175D29EF00079BA8 /* Default-568h@2x.png */; };
		4CD2A6CF175D29F000079BA8 /* ShopList.xcdatamodeld in Sources */ = {isa = PBXBuildFile; fileRef = 4CD2A6CD175D29F000079BA8 /* ShopList.xcdatamodeld */; };
		4CD2A6D2175D29F000079BA8 /* ShopListIncrementalStore.m in Sources */ = {isa = PBXBuildFile; fileRef = 4CD2A6D1175D29F000079BA8 /* ShopListIncrementalStore.m */; };
		4CD2A6EA175D601500079BA8 /* ItemsViewController.m in Sources */ = {isa = PBXBuildFile; fileRef = 4CD2A6E8175D601500079BA8 /* ItemsViewController.m */; };
		4CD2A6EB175D601500079BA8 /* ItemsViewController.xib in Resources */ = {isa = PBXBuildFile; fileRef = 4CD2A6E9175D601500079BA8 /* ItemsViewController.xib */; };
		4CD2A6EE175D7B4500079BA8 /* Item.m in Sources */ = {isa = PBXBuildFile; fileRef = 4CD2A6ED175D7B4500079BA8 /* Item.m */; };
		E16C3A92ED774E41A735127B /* libPods.a in Frameworks */ = {isa = PBXBuildFile; fileRef = AD58FF74C3C04B53B396D71E /* libPods.a */; };
/* End PBXBuildFile section */

/* Begin PBXFileReference section */
		4CD2A6A9175D29EF00079BA8 /* ShopList.app */ = {isa = PBXFileReference; explicitFileType = wrapper.application; includeInIndex = 0; path = ShopList.app; sourceTree = BUILT_PRODUCTS_DIR; };
		4CD2A6AC175D29EF00079BA8 /* UIKit.framework */ = {isa = PBXFileReference; lastKnownFileType = wrapper.framework; name = UIKit.framework; path = System/Library/Frameworks/UIKit.framework; sourceTree = SDKROOT; };
		4CD2A6AE175D29EF00079BA8 /* Foundation.framework */ = {isa = PBXFileReference; lastKnownFileType = wrapper.framework; name = Foundation.framework; path = System/Library/Frameworks/Foundation.framework; sourceTree = SDKROOT; };
		4CD2A6B0175D29EF00079BA8 /* CoreGraphics.framework */ = {isa = PBXFileReference; lastKnownFileType = wrapper.framework; name = CoreGraphics.framework; path = System/Library/Frameworks/CoreGraphics.framework; sourceTree = SDKROOT; };
		4CD2A6B2175D29EF00079BA8 /* CoreData.framework */ = {isa = PBXFileReference; lastKnownFileType = wrapper.framework; name = CoreData.framework; path = System/Library/Frameworks/CoreData.framework; sourceTree = SDKROOT; };
		4CD2A6B5175D29EF00079BA8 /* Podfile */ = {isa = PBXFileReference; lastKnownFileType = text; name = Podfile; path = ../Podfile; sourceTree = "<group>"; xcLanguageSpecificationIdentifier = xcode.lang.ruby; };
		4CD2A6B8175D29EF00079BA8 /* ShopList-Prefix.pch */ = {isa = PBXFileReference; lastKnownFileType = sourcecode.c.h; path = "ShopList-Prefix.pch"; sourceTree = "<group>"; };
		4CD2A6BA175D29EF00079BA8 /* ShopListAPIClient.h */ = {isa = PBXFileReference; lastKnownFileType = sourcecode.c.h; name = ShopListAPIClient.h; path = Classes/ShopListAPIClient.h; sourceTree = "<group>"; };
		4CD2A6BB175D29EF00079BA8 /* ShopListAPIClient.m */ = {isa = PBXFileReference; lastKnownFileType = sourcecode.c.objc; name = ShopListAPIClient.m; path = Classes/ShopListAPIClient.m; sourceTree = "<group>"; };
		4CD2A6BD175D29EF00079BA8 /* ShopList-Info.plist */ = {isa = PBXFileReference; lastKnownFileType = text.plist.xml; path = "ShopList-Info.plist"; sourceTree = "<group>"; };
		4CD2A6BF175D29EF00079BA8 /* en */ = {isa = PBXFileReference; lastKnownFileType = text.plist.strings; name = en; path = en.lproj/InfoPlist.strings; sourceTree = "<group>"; };
		4CD2A6C1175D29EF00079BA8 /* main.m */ = {isa = PBXFileReference; lastKnownFileType = sourcecode.c.objc; path = main.m; sourceTree = "<group>"; };
		4CD2A6C3175D29EF00079BA8 /* AppDelegate.h */ = {isa = PBXFileReference; lastKnownFileType = sourcecode.c.h; path = AppDelegate.h; sourceTree = "<group>"; };
		4CD2A6C4175D29EF00079BA8 /* AppDelegate.m */ = {isa = PBXFileReference; lastKnownFileType = sourcecode.c.objc; path = AppDelegate.m; sourceTree = "<group>"; };
		4CD2A6C6175D29EF00079BA8 /* Default.png */ = {isa = PBXFileReference; lastKnownFileType = image.png; path = Default.png; sourceTree = "<group>"; };
		4CD2A6C8175D29EF00079BA8 /* Default@2x.png */ = {isa = PBXFileReference; lastKnownFileType = image.png; path = "Default@2x.png"; sourceTree = "<group>"; };
		4CD2A6CA175D29EF00079BA8 /* Default-568h@2x.png */ = {isa = PBXFileReference; lastKnownFileType = image.png; path = "Default-568h@2x.png"; sourceTree = "<group>"; };
		4CD2A6CE175D29F000079BA8 /* ShopList.xcdatamodel */ = {isa = PBXFileReference; lastKnownFileType = wrapper.xcdatamodel; path = ShopList.xcdatamodel; sourceTree = "<group>"; };
		4CD2A6D0175D29F000079BA8 /* ShopListIncrementalStore.h */ = {isa = PBXFileReference; lastKnownFileType = sourcecode.c.h; name = ShopListIncrementalStore.h; path = Classes/ShopListIncrementalStore.h; sourceTree = "<group>"; };
		4CD2A6D1175D29F000079BA8 /* ShopListIncrementalStore.m */ = {isa = PBXFileReference; lastKnownFileType = sourcecode.c.objc; name = ShopListIncrementalStore.m; path = Classes/ShopListIncrementalStore.m; sourceTree = "<group>"; };
		4CD2A6E7175D601500079BA8 /* ItemsViewController.h */ = {isa = PBXFileReference; fileEncoding = 4; lastKnownFileType = sourcecode.c.h; path = ItemsViewController.h; sourceTree = "<group>"; };
		4CD2A6E8175D601500079BA8 /* ItemsViewController.m */ = {isa = PBXFileReference; fileEncoding = 4; lastKnownFileType = sourcecode.c.objc; path = ItemsViewController.m; sourceTree = "<group>"; };
		4CD2A6E9175D601500079BA8 /* ItemsViewController.xib */ = {isa = PBXFileReference; fileEncoding = 4; lastKnownFileType = file.xib; path = ItemsViewController.xib; sourceTree = "<group>"; };
		4CD2A6EC175D7B4500079BA8 /* Item.h */ = {isa = PBXFileReference; fileEncoding = 4; lastKnownFileType = sourcecode.c.h; path = Item.h; sourceTree = "<group>"; };
		4CD2A6ED175D7B4500079BA8 /* Item.m */ = {isa = PBXFileReference; fileEncoding = 4; lastKnownFileType = sourcecode.c.objc; path = Item.m; sourceTree = "<group>"; };
		A148A3ABDA9C42E0AFCC72FE /* Pods.xcconfig */ = {isa = PBXFileReference; includeInIndex = 1; lastKnownFileType = text.xcconfig; name = Pods.xcconfig; path = Pods/Pods.xcconfig; sourceTree = SOURCE_ROOT; };
		AD58FF74C3C04B53B396D71E /* libPods.a */ = {isa = PBXFileReference; explicitFileType = archive.ar; includeInIndex = 0; path = libPods.a; sourceTree = BUILT_PRODUCTS_DIR; };
/* End PBXFileReference section */

/* Begin PBXFrameworksBuildPhase section */
		4CD2A6A6175D29EF00079BA8 /* Frameworks */ = {
			isa = PBXFrameworksBuildPhase;
			buildActionMask = 2147483647;
			files = (
				4CD2A6AD175D29EF00079BA8 /* UIKit.framework in Frameworks */,
				4CD2A6AF175D29EF00079BA8 /* Foundation.framework in Frameworks */,
				4CD2A6B1175D29EF00079BA8 /* CoreGraphics.framework in Frameworks */,
				4CD2A6B3175D29EF00079BA8 /* CoreData.framework in Frameworks */,
				E16C3A92ED774E41A735127B /* libPods.a in Frameworks */,
			);
			runOnlyForDeploymentPostprocessing = 0;
		};
/* End PBXFrameworksBuildPhase section */

/* Begin PBXGroup section */
		4CD2A6A0175D29EE00079BA8 = {
			isa = PBXGroup;
			children = (
				4CD2A6B4175D29EF00079BA8 /* ShopList */,
				4CD2A6AB175D29EF00079BA8 /* Frameworks */,
				4CD2A6AA175D29EF00079BA8 /* Products */,
				A148A3ABDA9C42E0AFCC72FE /* Pods.xcconfig */,
			);
			sourceTree = "<group>";
		};
		4CD2A6AA175D29EF00079BA8 /* Products */ = {
			isa = PBXGroup;
			children = (
				4CD2A6A9175D29EF00079BA8 /* ShopList.app */,
			);
			name = Products;
			sourceTree = "<group>";
		};
		4CD2A6AB175D29EF00079BA8 /* Frameworks */ = {
			isa = PBXGroup;
			children = (
				4CD2A6AC175D29EF00079BA8 /* UIKit.framework */,
				4CD2A6AE175D29EF00079BA8 /* Foundation.framework */,
				4CD2A6B0175D29EF00079BA8 /* CoreGraphics.framework */,
				4CD2A6B2175D29EF00079BA8 /* CoreData.framework */,
				AD58FF74C3C04B53B396D71E /* libPods.a */,
			);
			name = Frameworks;
			sourceTree = "<group>";
		};
		4CD2A6B4175D29EF00079BA8 /* ShopList */ = {
			isa = PBXGroup;
			children = (
				4CD2A6B5175D29EF00079BA8 /* Podfile */,
				4CD2A6C3175D29EF00079BA8 /* AppDelegate.h */,
				4CD2A6C4175D29EF00079BA8 /* AppDelegate.m */,
				4CD2A6B9175D29EF00079BA8 /* Networking */,
				4CD2A6CC175D29F000079BA8 /* Models */,
				4CD2A6B7175D29EF00079BA8 /* Supporting Files */,
				4CD2A6E7175D601500079BA8 /* ItemsViewController.h */,
				4CD2A6E8175D601500079BA8 /* ItemsViewController.m */,
				4CD2A6E9175D601500079BA8 /* ItemsViewController.xib */,
				4CD2A6EC175D7B4500079BA8 /* Item.h */,
				4CD2A6ED175D7B4500079BA8 /* Item.m */,
			);
			path = ShopList;
			sourceTree = "<group>";
		};
		4CD2A6B7175D29EF00079BA8 /* Supporting Files */ = {
			isa = PBXGroup;
			children = (
				4CD2A6B8175D29EF00079BA8 /* ShopList-Prefix.pch */,
				4CD2A6BD175D29EF00079BA8 /* ShopList-Info.plist */,
				4CD2A6BE175D29EF00079BA8 /* InfoPlist.strings */,
				4CD2A6C1175D29EF00079BA8 /* main.m */,
				4CD2A6C6175D29EF00079BA8 /* Default.png */,
				4CD2A6C8175D29EF00079BA8 /* Default@2x.png */,
				4CD2A6CA175D29EF00079BA8 /* Default-568h@2x.png */,
			);
			name = "Supporting Files";
			sourceTree = "<group>";
		};
		4CD2A6B9175D29EF00079BA8 /* Networking */ = {
			isa = PBXGroup;
			children = (
				4CD2A6BA175D29EF00079BA8 /* ShopListAPIClient.h */,
				4CD2A6BB175D29EF00079BA8 /* ShopListAPIClient.m */,
				4CD2A6D0175D29F000079BA8 /* ShopListIncrementalStore.h */,
				4CD2A6D1175D29F000079BA8 /* ShopListIncrementalStore.m */,
			);
			name = Networking;
			sourceTree = "<group>";
		};
		4CD2A6CC175D29F000079BA8 /* Models */ = {
			isa = PBXGroup;
			children = (
				4CD2A6CD175D29F000079BA8 /* ShopList.xcdatamodeld */,
			);
			name = Models;
			sourceTree = "<group>";
		};
/* End PBXGroup section */

/* Begin PBXNativeTarget section */
		4CD2A6A8175D29EF00079BA8 /* ShopList */ = {
			isa = PBXNativeTarget;
			buildConfigurationList = 4CD2A6D5175D29F000079BA8 /* Build configuration list for PBXNativeTarget "ShopList" */;
			buildPhases = (
				E91CE8CD9336468C801C4B32 /* Check Pods Manifest.lock */,
				4CD2A6A5175D29EF00079BA8 /* Sources */,
				4CD2A6A6175D29EF00079BA8 /* Frameworks */,
				4CD2A6A7175D29EF00079BA8 /* Resources */,
				9302AA0FF26B4F5BB6EE33E4 /* Copy Pods Resources */,
			);
			buildRules = (
			);
			dependencies = (
			);
			name = ShopList;
			productName = ShopList;
			productReference = 4CD2A6A9175D29EF00079BA8 /* ShopList.app */;
			productType = "com.apple.product-type.application";
		};
/* End PBXNativeTarget section */

/* Begin PBXProject section */
		4CD2A6A1175D29EF00079BA8 /* Project object */ = {
			isa = PBXProject;
			attributes = {
				LastUpgradeCheck = 0460;
				ORGANIZATIONNAME = "Optimize Consulting";
			};
			buildConfigurationList = 4CD2A6A4175D29EF00079BA8 /* Build configuration list for PBXProject "ShopList" */;
			compatibilityVersion = "Xcode 3.2";
			developmentRegion = English;
			hasScannedForEncodings = 0;
			knownRegions = (
				en,
			);
			mainGroup = 4CD2A6A0175D29EE00079BA8;
			productRefGroup = 4CD2A6AA175D29EF00079BA8 /* Products */;
			projectDirPath = "";
			projectRoot = "";
			targets = (
				4CD2A6A8175D29EF00079BA8 /* ShopList */,
			);
		};
/* End PBXProject section */

/* Begin PBXResourcesBuildPhase section */
		4CD2A6A7175D29EF00079BA8 /* Resources */ = {
			isa = PBXResourcesBuildPhase;
			buildActionMask = 2147483647;
			files = (
				4CD2A6B6175D29EF00079BA8 /* Podfile in Resources */,
				4CD2A6C0175D29EF00079BA8 /* InfoPlist.strings in Resources */,
				4CD2A6C7175D29EF00079BA8 /* Default.png in Resources */,
				4CD2A6C9175D29EF00079BA8 /* Default@2x.png in Resources */,
				4CD2A6CB175D29EF00079BA8 /* Default-568h@2x.png in Resources */,
				4CD2A6EB175D601500079BA8 /* ItemsViewController.xib in Resources */,
			);
			runOnlyForDeploymentPostprocessing = 0;
		};
/* End PBXResourcesBuildPhase section */

/* Begin PBXShellScriptBuildPhase section */
		9302AA0FF26B4F5BB6EE33E4 /* Copy Pods Resources */ = {
			isa = PBXShellScriptBuildPhase;
			buildActionMask = 2147483647;
			files = (
			);
			inputPaths = (
			);
			name = "Copy Pods Resources";
			outputPaths = (
			);
			runOnlyForDeploymentPostprocessing = 0;
			shellPath = /bin/sh;
			shellScript = "\"${SRCROOT}/Pods/Pods-resources.sh\"\n";
		};
		E91CE8CD9336468C801C4B32 /* Check Pods Manifest.lock */ = {
			isa = PBXShellScriptBuildPhase;
			buildActionMask = 2147483647;
			files = (
			);
			inputPaths = (
			);
			name = "Check Pods Manifest.lock";
			outputPaths = (
			);
			runOnlyForDeploymentPostprocessing = 0;
			shellPath = /bin/sh;
			shellScript = "diff \"${PODS_ROOT}/../Podfile.lock\" \"${PODS_ROOT}/Manifest.lock\" > /dev/null\nif [[ $? != 0 ]] ; then\n    cat << EOM\nerror: The sandbox is not in sync with the Podfile.lock. Run 'pod install' or update your CocoaPods installation.\nEOM\n    exit 1\nfi\n";
		};
/* End PBXShellScriptBuildPhase section */

/* Begin PBXSourcesBuildPhase section */
		4CD2A6A5175D29EF00079BA8 /* Sources */ = {
			isa = PBXSourcesBuildPhase;
			buildActionMask = 2147483647;
			files = (
				4CD2A6BC175D29EF00079BA8 /* ShopListAPIClient.m in Sources */,
				4CD2A6C2175D29EF00079BA8 /* main.m in Sources */,
				4CD2A6C5175D29EF00079BA8 /* AppDelegate.m in Sources */,
				4CD2A6CF175D29F000079BA8 /* ShopList.xcdatamodeld in Sources */,
				4CD2A6D2175D29F000079BA8 /* ShopListIncrementalStore.m in Sources */,
				4CD2A6EA175D601500079BA8 /* ItemsViewController.m in Sources */,
				4CD2A6EE175D7B4500079BA8 /* Item.m in Sources */,
			);
			runOnlyForDeploymentPostprocessing = 0;
		};
/* End PBXSourcesBuildPhase section */

/* Begin PBXVariantGroup section */
		4CD2A6BE175D29EF00079BA8 /* InfoPlist.strings */ = {
			isa = PBXVariantGroup;
			children = (
				4CD2A6BF175D29EF00079BA8 /* en */,
			);
			name = InfoPlist.strings;
			sourceTree = "<group>";
		};
/* End PBXVariantGroup section */

/* Begin XCBuildConfiguration section */
		4CD2A6D3175D29F000079BA8 /* Debug */ = {
			isa = XCBuildConfiguration;
			buildSettings = {
				ALWAYS_SEARCH_USER_PATHS = NO;
				CLANG_CXX_LANGUAGE_STANDARD = "gnu++0x";
				CLANG_CXX_LIBRARY = "libc++";
				CLANG_ENABLE_OBJC_ARC = YES;
				CLANG_WARN_CONSTANT_CONVERSION = YES;
				CLANG_WARN_EMPTY_BODY = YES;
				CLANG_WARN_ENUM_CONVERSION = YES;
				CLANG_WARN_INT_CONVERSION = YES;
				CLANG_WARN__DUPLICATE_METHOD_MATCH = YES;
				"CODE_SIGN_IDENTITY[sdk=iphoneos*]" = "iPhone Developer";
				COPY_PHASE_STRIP = NO;
				GCC_C_LANGUAGE_STANDARD = gnu99;
				GCC_DYNAMIC_NO_PIC = NO;
				GCC_OPTIMIZATION_LEVEL = 0;
				GCC_PREPROCESSOR_DEFINITIONS = (
					"DEBUG=1",
					"$(inherited)",
				);
				GCC_SYMBOLS_PRIVATE_EXTERN = NO;
				GCC_WARN_ABOUT_RETURN_TYPE = YES;
				GCC_WARN_UNINITIALIZED_AUTOS = YES;
				GCC_WARN_UNUSED_VARIABLE = YES;
				IPHONEOS_DEPLOYMENT_TARGET = 6.1;
				ONLY_ACTIVE_ARCH = YES;
				SDKROOT = iphoneos;
			};
			name = Debug;
		};
		4CD2A6D4175D29F000079BA8 /* Release */ = {
			isa = XCBuildConfiguration;
			buildSettings = {
				ALWAYS_SEARCH_USER_PATHS = NO;
				CLANG_CXX_LANGUAGE_STANDARD = "gnu++0x";
				CLANG_CXX_LIBRARY = "libc++";
				CLANG_ENABLE_OBJC_ARC = YES;
				CLANG_WARN_CONSTANT_CONVERSION = YES;
				CLANG_WARN_EMPTY_BODY = YES;
				CLANG_WARN_ENUM_CONVERSION = YES;
				CLANG_WARN_INT_CONVERSION = YES;
				CLANG_WARN__DUPLICATE_METHOD_MATCH = YES;
				"CODE_SIGN_IDENTITY[sdk=iphoneos*]" = "iPhone Developer";
				COPY_PHASE_STRIP = YES;
				GCC_C_LANGUAGE_STANDARD = gnu99;
				GCC_WARN_ABOUT_RETURN_TYPE = YES;
				GCC_WARN_UNINITIALIZED_AUTOS = YES;
				GCC_WARN_UNUSED_VARIABLE = YES;
				IPHONEOS_DEPLOYMENT_TARGET = 6.1;
				OTHER_CFLAGS = "-DNS_BLOCK_ASSERTIONS=1";
				SDKROOT = iphoneos;
				VALIDATE_PRODUCT = YES;
			};
			name = Release;
		};
		4CD2A6D6175D29F000079BA8 /* Debug */ = {
			isa = XCBuildConfiguration;
			baseConfigurationReference = A148A3ABDA9C42E0AFCC72FE /* Pods.xcconfig */;
			buildSettings = {
				GCC_PRECOMPILE_PREFIX_HEADER = YES;
				GCC_PREFIX_HEADER = "ShopList/ShopList-Prefix.pch";
				INFOPLIST_FILE = "ShopList/ShopList-Info.plist";
				PRODUCT_NAME = "$(TARGET_NAME)";
				WRAPPER_EXTENSION = app;
			};
			name = Debug;
		};
		4CD2A6D7175D29F000079BA8 /* Release */ = {
			isa = XCBuildConfiguration;
			baseConfigurationReference = A148A3ABDA9C42E0AFCC72FE /* Pods.xcconfig */;
			buildSettings = {
				GCC_PRECOMPILE_PREFIX_HEADER = YES;
				GCC_PREFIX_HEADER = "ShopList/ShopList-Prefix.pch";
				INFOPLIST_FILE = "ShopList/ShopList-Info.plist";
				PRODUCT_NAME = "$(TARGET_NAME)";
				WRAPPER_EXTENSION = app;
			};
			name = Release;
		};
/* End XCBuildConfiguration section */

/* Begin XCConfigurationList section */
		4CD2A6A4175D29EF00079BA8 /* Build configuration list for PBXProject "ShopList" */ = {
			isa = XCConfigurationList;
			buildConfigurations = (
				4CD2A6D3175D29F000079BA8 /* Debug */,
				4CD2A6D4175D29F000079BA8 /* Release */,
			);
			defaultConfigurationIsVisible = 0;
			defaultConfigurationName = Release;
		};
		4CD2A6D5175D29F000079BA8 /* Build configuration list for PBXNativeTarget "ShopList" */ = {
			isa = XCConfigurationList;
			buildConfigurations = (
				4CD2A6D6175D29F000079BA8 /* Debug */,
				4CD2A6D7175D29F000079BA8 /* Release */,
			);
			defaultConfigurationIsVisible = 0;
			defaultConfigurationName = Release;
		};
/* End XCConfigurationList section */

/* Begin XCVersionGroup section */
		4CD2A6CD175D29F000079BA8 /* ShopList.xcdatamodeld */ = {
			isa = XCVersionGroup;
			children = (
				4CD2A6CE175D29F000079BA8 /* ShopList.xcdatamodel */,
			);
			currentVersion = 4CD2A6CE175D29F000079BA8 /* ShopList.xcdatamodel */;
			path = ShopList.xcdatamodeld;
			sourceTree = "<group>";
			versionGroupType = wrapper.xcdatamodel;
		};
/* End XCVersionGroup section */
	};
	rootObject = 4CD2A6A1175D29EF00079BA8 /* Project object */;
}
